
Microsoft Visual Studio Solution File, Format Version 12.00
# Visual Studio 15
VisualStudioVersion = 15.0.27128.1
MinimumVisualStudioVersion = 10.0.40219.1
Project("{9A19103F-16F7-4668-BE54-9A1E7A4F7556}") = "Microex.Common", "Microex.Common\Microex.Common.csproj", "{72BFB83C-E62E-471A-9775-22D50570B9C5}"
EndProject
Project("{9A19103F-16F7-4668-BE54-9A1E7A4F7556}") = "Microex.Common.Abstractions", "Microex.Common.Abstractions\Microex.Common.Abstractions.csproj", "{BDA477A1-6B6D-42D1-AA2D-2504296F175B}"
EndProject
Project("{FAE04EC0-301F-11D3-BF4B-00C04F79EFBC}") = "Microex.Common.Mvc", "Microex.Common.Mvc\Microex.Common.Mvc.csproj", "{11DF2800-D812-49F6-AB5D-91E221380088}"
EndProject
Global
	GlobalSection(SolutionConfigurationPlatforms) = preSolution
		Debug|Any CPU = Debug|Any CPU
		Release|Any CPU = Release|Any CPU
	EndGlobalSection
	GlobalSection(ProjectConfigurationPlatforms) = postSolution
		{72BFB83C-E62E-471A-9775-22D50570B9C5}.Debug|Any CPU.ActiveCfg = Debug|Any CPU
		{72BFB83C-E62E-471A-9775-22D50570B9C5}.Debug|Any CPU.Build.0 = Debug|Any CPU
		{72BFB83C-E62E-471A-9775-22D50570B9C5}.Release|Any CPU.ActiveCfg = Release|Any CPU
		{72BFB83C-E62E-471A-9775-22D50570B9C5}.Release|Any CPU.Build.0 = Release|Any CPU
		{BDA477A1-6B6D-42D1-AA2D-2504296F175B}.Debug|Any CPU.ActiveCfg = Debug|Any CPU
		{BDA477A1-6B6D-42D1-AA2D-2504296F175B}.Debug|Any CPU.Build.0 = Debug|Any CPU
		{BDA477A1-6B6D-42D1-AA2D-2504296F175B}.Release|Any CPU.ActiveCfg = Release|Any CPU
		{BDA477A1-6B6D-42D1-AA2D-2504296F175B}.Release|Any CPU.Build.0 = Release|Any CPU
		{11DF2800-D812-49F6-AB5D-91E221380088}.Debug|Any CPU.ActiveCfg = Debug|Any CPU
		{11DF2800-D812-49F6-AB5D-91E221380088}.Debug|Any CPU.Build.0 = Debug|Any CPU
		{11DF2800-D812-49F6-AB5D-91E221380088}.Release|Any CPU.ActiveCfg = Release|Any CPU
		{11DF2800-D812-49F6-AB5D-91E221380088}.Release|Any CPU.Build.0 = Release|Any CPU
	EndGlobalSection
	GlobalSection(SolutionProperties) = preSolution
		HideSolutionNode = FALSE
	EndGlobalSection
	GlobalSection(ExtensibilityGlobals) = postSolution
		SolutionGuid = {E0A4CEE0-713E-4973-B65C-353C286F05CA}
	EndGlobalSection
EndGlobal
